
Microsoft Visual Studio Solution File, Format Version 12.00
# Visual Studio 15
VisualStudioVersion = 15.0.28307.779
MinimumVisualStudioVersion = 10.0.40219.1
Project("{FAE04EC0-301F-11D3-BF4B-00C04F79EFBC}") = "ApiPostPut", "ApiPostPut\ApiPostPut.csproj", "{CFB17ABF-2855-45C8-B71F-EB0E274517BA}"
EndProject
Global
	GlobalSection(SolutionConfigurationPlatforms) = preSolution
		Debug|Any CPU = Debug|Any CPU
		Release|Any CPU = Release|Any CPU
	EndGlobalSection
	GlobalSection(ProjectConfigurationPlatforms) = postSolution
		{CFB17ABF-2855-45C8-B71F-EB0E274517BA}.Debug|Any CPU.ActiveCfg = Debug|Any CPU
		{CFB17ABF-2855-45C8-B71F-EB0E274517BA}.Debug|Any CPU.Build.0 = Debug|Any CPU
		{CFB17ABF-2855-45C8-B71F-EB0E274517BA}.Release|Any CPU.ActiveCfg = Release|Any CPU
		{CFB17ABF-2855-45C8-B71F-EB0E274517BA}.Release|Any CPU.Build.0 = Release|Any CPU
	EndGlobalSection
	GlobalSection(SolutionProperties) = preSolution
		HideSolutionNode = FALSE
	EndGlobalSection
	GlobalSection(ExtensibilityGlobals) = postSolution
		SolutionGuid = {4F5B04BC-0131-47EF-883E-0F9E4CC7B426}
	EndGlobalSection
EndGlobal
